{
  "name": "nibbler",
  "version": "1.0.0",
  "lockfileVersion": 2,
  "requires": true,
  "packages": {
    "": {
      "name": "nibbler",
      "version": "1.0.0",
      "license": "MIT",
      "dependencies": {
        "ansi-styles": "^6.1.0",
        "chalk": "^5.0.0",
        "color-convert": "^2.0.1",
        "color-name": "^1.1.4",
        "escape-string-regexp": "^5.0.0",
        "has-flag": "^5.0.1",
        "supports-color": "^9.2.1"
      }
    },
    "node_modules/ansi-styles": {
      "version": "6.1.0",
      "resolved": "https://registry.npmjs.org/ansi-styles/-/ansi-styles-6.1.0.tgz",
      "integrity": "sha512-VbqNsoz55SYGczauuup0MFUyXNQviSpFTj1RQtFzmQLk18qbVSpTFFGMT293rmDaQuKCT6InmbuEyUne4mTuxQ==",
      "engines": {
        "node": ">=12"
      },
      "funding": {
        "url": "https://github.com/chalk/ansi-styles?sponsor=1"
      }
    },
    "node_modules/chalk": {
      "version": "5.0.0",
      "resolved": "https://registry.npmjs.org/chalk/-/chalk-5.0.0.tgz",
      "integrity": "sha512-/duVOqst+luxCQRKEo4bNxinsOQtMP80ZYm7mMqzuh5PociNL0PvmHFvREJ9ueYL2TxlHjBcmLCdmocx9Vg+IQ==",
      "engines": {
        "node": "^12.17.0 || ^14.13 || >=16.0.0"
      },
      "funding": {
        "url": "https://github.com/chalk/chalk?sponsor=1"
      }
    },
    "node_modules/color-convert": {
      "version": "2.0.1",
      "resolved": "https://registry.npmjs.org/color-convert/-/color-convert-2.0.1.tgz",
      "integrity": "sha512-RRECPsj7iu/xb5oKYcsFHSppFNnsj/52OVTRKb4zP5onXwVF3zVmmToNcOfGC+CRDpfK/U584fMg38ZHCaElKQ==",
      "dependencies": {
        "color-name": "~1.1.4"
      },
      "engines": {
        "node": ">=7.0.0"
      }
    },
    "node_modules/color-name": {
      "version": "1.1.4",
      "resolved": "https://registry.npmjs.org/color-name/-/color-name-1.1.4.tgz",
      "integrity": "sha512-dOy+3AuW3a2wNbZHIuMZpTcgjGuLU/uBL/ubcZF9OXbDo8ff4O8yVp5Bf0efS8uEoYo5q4Fx7dY9OgQGXgAsQA=="
    },
    "node_modules/escape-string-regexp": {
      "version": "5.0.0",
      "resolved": "https://registry.npmjs.org/escape-string-regexp/-/escape-string-regexp-5.0.0.tgz",
      "integrity": "sha512-/veY75JbMK4j1yjvuUxuVsiS/hr/4iHs9FTT6cgTexxdE0Ly/glccBAkloH/DofkjRbZU3bnoj38mOmhkZ0lHw==",
      "engines": {
        "node": ">=12"
      },
      "funding": {
        "url": "https://github.com/sponsors/sindresorhus"
      }
    },
    "node_modules/has-flag": {
      "version": "5.0.1",
      "resolved": "https://registry.npmjs.org/has-flag/-/has-flag-5.0.1.tgz",
      "integrity": "sha512-CsNUt5x9LUdx6hnk/E2SZLsDyvfqANZSUq4+D3D8RzDJ2M+HDTIkF60ibS1vHaK55vzgiZw1bEPFG9yH7l33wA==",
      "engines": {
        "node": ">=12"
      },
      "funding": {
        "url": "https://github.com/sponsors/sindresorhus"
      }
    },
    "node_modules/supports-color": {
      "version": "9.2.1",
      "resolved": "https://registry.npmjs.org/supports-color/-/supports-color-9.2.1.tgz",
      "integrity": "sha512-Obv7ycoCTG51N7y175StI9BlAXrmgZrFhZOb0/PyjHBher/NmsdBgbbQ1Inhq+gIhz6+7Gb+jWF2Vqi7Mf1xnQ==",
      "engines": {
        "node": ">=12"
      },
      "funding": {
        "url": "https://github.com/chalk/supports-color?sponsor=1"
      }
    }
  },
  "dependencies": {
    "ansi-styles": {
      "version": "6.1.0",
      "resolved": "https://registry.npmjs.org/ansi-styles/-/ansi-styles-6.1.0.tgz",
      "integrity": "sha512-VbqNsoz55SYGczauuup0MFUyXNQviSpFTj1RQtFzmQLk18qbVSpTFFGMT293rmDaQuKCT6InmbuEyUne4mTuxQ=="
    },
    "chalk": {
      "version": "5.0.0",
      "resolved": "https://registry.npmjs.org/chalk/-/chalk-5.0.0.tgz",
      "integrity": "sha512-/duVOqst+luxCQRKEo4bNxinsOQtMP80ZYm7mMqzuh5PociNL0PvmHFvREJ9ueYL2TxlHjBcmLCdmocx9Vg+IQ=="
    },
    "color-convert": {
      "version": "2.0.1",
      "resolved": "https://registry.npmjs.org/color-convert/-/color-convert-2.0.1.tgz",
      "integrity": "sha512-RRECPsj7iu/xb5oKYcsFHSppFNnsj/52OVTRKb4zP5onXwVF3zVmmToNcOfGC+CRDpfK/U584fMg38ZHCaElKQ==",
      "requires": {
        "color-name": "~1.1.4"
      }
    },
    "color-name": {
      "version": "1.1.4",
      "resolved": "https://registry.npmjs.org/color-name/-/color-name-1.1.4.tgz",
      "integrity": "sha512-dOy+3AuW3a2wNbZHIuMZpTcgjGuLU/uBL/ubcZF9OXbDo8ff4O8yVp5Bf0efS8uEoYo5q4Fx7dY9OgQGXgAsQA=="
    },
    "escape-string-regexp": {
      "version": "5.0.0",
      "resolved": "https://registry.npmjs.org/escape-string-regexp/-/escape-string-regexp-5.0.0.tgz",
      "integrity": "sha512-/veY75JbMK4j1yjvuUxuVsiS/hr/4iHs9FTT6cgTexxdE0Ly/glccBAkloH/DofkjRbZU3bnoj38mOmhkZ0lHw=="
    },
    "has-flag": {
      "version": "5.0.1",
      "resolved": "https://registry.npmjs.org/has-flag/-/has-flag-5.0.1.tgz",
      "integrity": "sha512-CsNUt5x9LUdx6hnk/E2SZLsDyvfqANZSUq4+D3D8RzDJ2M+HDTIkF60ibS1vHaK55vzgiZw1bEPFG9yH7l33wA=="
    },
    "supports-color": {
      "version": "9.2.1",
      "resolved": "https://registry.npmjs.org/supports-color/-/supports-color-9.2.1.tgz",
      "integrity": "sha512-Obv7ycoCTG51N7y175StI9BlAXrmgZrFhZOb0/PyjHBher/NmsdBgbbQ1Inhq+gIhz6+7Gb+jWF2Vqi7Mf1xnQ=="
    }
  }
}
